
Microsoft Visual Studio Solution File, Format Version 12.00
# Visual Studio Version 16
VisualStudioVersion = 16.0.29503.13
MinimumVisualStudioVersion = 10.0.40219.1
Project("{FAE04EC0-301F-11D3-BF4B-00C04F79EFBC}") = "CakeFactory_DP_CourseProject", "CakeFactory_DP_CourseProject\CakeFactory_DP_CourseProject.csproj", "{8B0CC4BF-1D13-4DE6-971C-2B638D8CC0AD}"
EndProject
Global
	GlobalSection(SolutionConfigurationPlatforms) = preSolution
		Debug|Any CPU = Debug|Any CPU
		Release|Any CPU = Release|Any CPU
	EndGlobalSection
	GlobalSection(ProjectConfigurationPlatforms) = postSolution
		{8B0CC4BF-1D13-4DE6-971C-2B638D8CC0AD}.Debug|Any CPU.ActiveCfg = Debug|Any CPU
		{8B0CC4BF-1D13-4DE6-971C-2B638D8CC0AD}.Debug|Any CPU.Build.0 = Debug|Any CPU
		{8B0CC4BF-1D13-4DE6-971C-2B638D8CC0AD}.Release|Any CPU.ActiveCfg = Release|Any CPU
		{8B0CC4BF-1D13-4DE6-971C-2B638D8CC0AD}.Release|Any CPU.Build.0 = Release|Any CPU
	EndGlobalSection
	GlobalSection(SolutionProperties) = preSolution
		HideSolutionNode = FALSE
	EndGlobalSection
	GlobalSection(ExtensibilityGlobals) = postSolution
		SolutionGuid = {EAEDB7DE-C684-4A21-986D-E3DEA645B539}
	EndGlobalSection
EndGlobal
